
Microsoft Visual Studio Solution File, Format Version 12.00
# Visual Studio Version 16
VisualStudioVersion = 16.0.32407.337
MinimumVisualStudioVersion = 10.0.40219.1
Project("{FAE04EC0-301F-11D3-BF4B-00C04F79EFBC}") = "CustomContains", "CustomContains\CustomContains.csproj", "{53BAD31A-3023-4F73-8210-34C61803D376}"
EndProject
Global
	GlobalSection(SolutionConfigurationPlatforms) = preSolution
		Debug|Any CPU = Debug|Any CPU
		Release|Any CPU = Release|Any CPU
	EndGlobalSection
	GlobalSection(ProjectConfigurationPlatforms) = postSolution
		{53BAD31A-3023-4F73-8210-34C61803D376}.Debug|Any CPU.ActiveCfg = Debug|Any CPU
		{53BAD31A-3023-4F73-8210-34C61803D376}.Debug|Any CPU.Build.0 = Debug|Any CPU
		{53BAD31A-3023-4F73-8210-34C61803D376}.Release|Any CPU.ActiveCfg = Release|Any CPU
		{53BAD31A-3023-4F73-8210-34C61803D376}.Release|Any CPU.Build.0 = Release|Any CPU
	EndGlobalSection
	GlobalSection(SolutionProperties) = preSolution
		HideSolutionNode = FALSE
	EndGlobalSection
	GlobalSection(ExtensibilityGlobals) = postSolution
		SolutionGuid = {128C52FB-77D5-4269-9703-F087163ACE57}
	EndGlobalSection
EndGlobal
